
Microsoft Visual Studio Solution File, Format Version 12.00
# Visual Studio 15
VisualStudioVersion = 15.0.27703.2026
MinimumVisualStudioVersion = 10.0.40219.1
Project("{FAE04EC0-301F-11D3-BF4B-00C04F79EFBC}") = "DeltaRender", "DeltaRender\DeltaRender.csproj", "{71B873E9-18A8-460E-AD3E-2DE78BF3A6AB}"
EndProject
Global
	GlobalSection(SolutionConfigurationPlatforms) = preSolution
		Debug|Any CPU = Debug|Any CPU
		Release|Any CPU = Release|Any CPU
	EndGlobalSection
	GlobalSection(ProjectConfigurationPlatforms) = postSolution
		{71B873E9-18A8-460E-AD3E-2DE78BF3A6AB}.Debug|Any CPU.ActiveCfg = Debug|Any CPU
		{71B873E9-18A8-460E-AD3E-2DE78BF3A6AB}.Debug|Any CPU.Build.0 = Debug|Any CPU
		{71B873E9-18A8-460E-AD3E-2DE78BF3A6AB}.Release|Any CPU.ActiveCfg = Release|Any CPU
		{71B873E9-18A8-460E-AD3E-2DE78BF3A6AB}.Release|Any CPU.Build.0 = Release|Any CPU
	EndGlobalSection
	GlobalSection(SolutionProperties) = preSolution
		HideSolutionNode = FALSE
	EndGlobalSection
	GlobalSection(ExtensibilityGlobals) = postSolution
		SolutionGuid = {17438B6E-03B9-4426-9FA4-2D0F00859B3C}
	EndGlobalSection
EndGlobal
